Microsoft Visual Studio Solution File, Format Version 12.00
# Visual Studio Version 17
VisualStudioVersion = 17.5.2.0
MinimumVisualStudioVersion = 10.0.40219.1
Project("{FAE04EC0-301F-11D3-BF4B-00C04F79EFBC}") = "RemoteAdminClient", "RemoteAdminClient.csproj", "{A763B61C-71D6-4B03-4B4D-476E444994C7}"
EndProject
Global
	GlobalSection(SolutionConfigurationPlatforms) = preSolution
		Debug|Any CPU = Debug|Any CPU
		Release|Any CPU = Release|Any CPU
	EndGlobalSection
	GlobalSection(ProjectConfigurationPlatforms) = postSolution
		{A763B61C-71D6-4B03-4B4D-476E444994C7}.Debug|Any CPU.ActiveCfg = Debug|Any CPU
		{A763B61C-71D6-4B03-4B4D-476E444994C7}.Debug|Any CPU.Build.0 = Debug|Any CPU
		{A763B61C-71D6-4B03-4B4D-476E444994C7}.Release|Any CPU.ActiveCfg = Release|Any CPU
		{A763B61C-71D6-4B03-4B4D-476E444994C7}.Release|Any CPU.Build.0 = Release|Any CPU
	EndGlobalSection
	GlobalSection(SolutionProperties) = preSolution
		HideSolutionNode = FALSE
	EndGlobalSection
	GlobalSection(ExtensibilityGlobals) = postSolution
		SolutionGuid = {17FF7E82-070D-4760-9F7B-66E5AA573A17}
	EndGlobalSection
EndGlobal
